// !$*UTF8*$!
{
	archiveVersion = 1;
	classes = {
	};
	objectVersion = 55;
	objects = {

/* Begin PBXBuildFile section */
		027984BC27EB6A4400C75B48 /* AppDelegate.swift in Sources */ = {isa = PBXBuildFile; fileRef = 027984BB27EB6A4400C75B48 /* AppDelegate.swift */; };
		027984BE27EB6A4400C75B48 /* SceneDelegate.swift in Sources */ = {isa = PBXBuildFile; fileRef = 027984BD27EB6A4400C75B48 /* SceneDelegate.swift */; };
		027984C027EB6A4400C75B48 /* ViewController.swift in Sources */ = {isa = PBXBuildFile; fileRef = 027984BF27EB6A4400C75B48 /* ViewController.swift */; };
		027984C327EB6A4400C75B48 /* Main.storyboard in Resources */ = {isa = PBXBuildFile; fileRef = 027984C127EB6A4400C75B48 /* Main.storyboard */; };
		027984C527EB6A4500C75B48 /* Assets.xcassets in Resources */ = {isa = PBXBuildFile; fileRef = 027984C427EB6A4500C75B48 /* Assets.xcassets */; };
		027984C827EB6A4500C75B48 /* LaunchScreen.storyboard in Resources */ = {isa = PBXBuildFile; fileRef = 027984C627EB6A4500C75B48 /* LaunchScreen.storyboard */; };
		027984D027EB6C8100C75B48 /* MapViewController.swift in Sources */ = {isa = PBXBuildFile; fileRef = 027984CF27EB6C8100C75B48 /* MapViewController.swift */; };
		027984D227EB6D4F00C75B48 /* ResultsModel.swift in Sources */ = {isa = PBXBuildFile; fileRef = 027984D127EB6D4F00C75B48 /* ResultsModel.swift */; };
		027984D827EB729500C75B48 /* Extensions+URLSessionRequest.swift in Sources */ = {isa = PBXBuildFile; fileRef = 027984D727EB729500C75B48 /* Extensions+URLSessionRequest.swift */; };
		027984DA27EB72B500C75B48 /* Extensions+URLSession.swift in Sources */ = {isa = PBXBuildFile; fileRef = 027984D927EB72B500C75B48 /* Extensions+URLSession.swift */; };
		027984DC27EB74B700C75B48 /* UserTableViewCell.swift in Sources */ = {isa = PBXBuildFile; fileRef = 027984DB27EB74B700C75B48 /* UserTableViewCell.swift */; };
		027984DE27EB764A00C75B48 /* Extensions+UIImage.swift in Sources */ = {isa = PBXBuildFile; fileRef = 027984DD27EB764A00C75B48 /* Extensions+UIImage.swift */; };
		027984E027EB812100C75B48 /* IconAnnotation.swift in Sources */ = {isa = PBXBuildFile; fileRef = 027984DF27EB812100C75B48 /* IconAnnotation.swift */; };
/* End PBXBuildFile section */

/* Begin PBXFileReference section */
		027984B827EB6A4400C75B48 /* MapAssignment.app */ = {isa = PBXFileReference; explicitFileType = wrapper.application; includeInIndex = 0; path = MapAssignment.app; sourceTree = BUILT_PRODUCTS_DIR; };
		027984BB27EB6A4400C75B48 /* AppDelegate.swift */ = {isa = PBXFileReference; lastKnownFileType = sourcecode.swift; path = AppDelegate.swift; sourceTree = "<group>"; };
		027984BD27EB6A4400C75B48 /* SceneDelegate.swift */ = {isa = PBXFileReference; lastKnownFileType = sourcecode.swift; path = SceneDelegate.swift; sourceTree = "<group>"; };
		027984BF27EB6A4400C75B48 /* ViewController.swift */ = {isa = PBXFileReference; lastKnownFileType = sourcecode.swift; path = ViewController.swift; sourceTree = "<group>"; };
		027984C227EB6A4400C75B48 /* Base */ = {isa = PBXFileReference; lastKnownFileType = file.storyboard; name = Base; path = Base.lproj/Main.storyboard; sourceTree = "<group>"; };
		027984C427EB6A4500C75B48 /* Assets.xcassets */ = {isa = PBXFileReference; lastKnownFileType = folder.assetcatalog; path = Assets.xcassets; sourceTree = "<group>"; };
		027984C727EB6A4500C75B48 /* Base */ = {isa = PBXFileReference; lastKnownFileType = file.storyboard; name = Base; path = Base.lproj/LaunchScreen.storyboard; sourceTree = "<group>"; };
		027984C927EB6A4500C75B48 /* Info.plist */ = {isa = PBXFileReference; lastKnownFileType = text.plist.xml; path = Info.plist; sourceTree = "<group>"; };
		027984CF27EB6C8100C75B48 /* MapViewController.swift */ = {isa = PBXFileReference; lastKnownFileType = sourcecode.swift; path = MapViewController.swift; sourceTree = "<group>"; };
		027984D127EB6D4F00C75B48 /* ResultsModel.swift */ = {isa = PBXFileReference; lastKnownFileType = sourcecode.swift; path = ResultsModel.swift; sourceTree = "<group>"; };
		027984D727EB729500C75B48 /* Extensions+URLSessionRequest.swift */ = {isa = PBXFileReference; lastKnownFileType = sourcecode.swift; path = "Extensions+URLSessionRequest.swift"; sourceTree = "<group>"; };
		027984D927EB72B500C75B48 /* Extensions+URLSession.swift */ = {isa = PBXFileReference; lastKnownFileType = sourcecode.swift; path = "Extensions+URLSession.swift"; sourceTree = "<group>"; };
		027984DB27EB74B700C75B48 /* UserTableViewCell.swift */ = {isa = PBXFileReference; lastKnownFileType = sourcecode.swift; path = UserTableViewCell.swift; sourceTree = "<group>"; };
		027984DD27EB764A00C75B48 /* Extensions+UIImage.swift */ = {isa = PBXFileReference; lastKnownFileType = sourcecode.swift; path = "Extensions+UIImage.swift"; sourceTree = "<group>"; };
		027984DF27EB812100C75B48 /* IconAnnotation.swift */ = {isa = PBXFileReference; lastKnownFileType = sourcecode.swift; path = IconAnnotation.swift; sourceTree = "<group>"; };
/* End PBXFileReference section */

/* Begin PBXFrameworksBuildPhase section */
		027984B527EB6A4400C75B48 /* Frameworks */ = {
			isa = PBXFrameworksBuildPhase;
			buildActionMask = 2147483647;
			files = (
			);
			runOnlyForDeploymentPostprocessing = 0;
		};
/* End PBXFrameworksBuildPhase section */

/* Begin PBXGroup section */
		027984AF27EB6A4300C75B48 = {
			isa = PBXGroup;
			children = (
				027984BA27EB6A4400C75B48 /* MapAssignment */,
				027984B927EB6A4400C75B48 /* Products */,
			);
			sourceTree = "<group>";
		};
		027984B927EB6A4400C75B48 /* Products */ = {
			isa = PBXGroup;
			children = (
				027984B827EB6A4400C75B48 /* MapAssignment.app */,
			);
			name = Products;
			sourceTree = "<group>";
		};
		027984BA27EB6A4400C75B48 /* MapAssignment */ = {
			isa = PBXGroup;
			children = (
				027984DF27EB812100C75B48 /* IconAnnotation.swift */,
				027984CF27EB6C8100C75B48 /* MapViewController.swift */,
				027984D727EB729500C75B48 /* Extensions+URLSessionRequest.swift */,
				027984BB27EB6A4400C75B48 /* AppDelegate.swift */,
				027984BD27EB6A4400C75B48 /* SceneDelegate.swift */,
				027984BF27EB6A4400C75B48 /* ViewController.swift */,
				027984DD27EB764A00C75B48 /* Extensions+UIImage.swift */,
				027984C127EB6A4400C75B48 /* Main.storyboard */,
				027984C427EB6A4500C75B48 /* Assets.xcassets */,
				027984C627EB6A4500C75B48 /* LaunchScreen.storyboard */,
				027984C927EB6A4500C75B48 /* Info.plist */,
				027984D127EB6D4F00C75B48 /* ResultsModel.swift */,
				027984D927EB72B500C75B48 /* Extensions+URLSession.swift */,
				027984DB27EB74B700C75B48 /* UserTableViewCell.swift */,
			);
			path = MapAssignment;
			sourceTree = "<group>";
		};
/* End PBXGroup section */

/* Begin PBXNativeTarget section */
		027984B727EB6A4400C75B48 /* MapAssignment */ = {
			isa = PBXNativeTarget;
			buildConfigurationList = 027984CC27EB6A4500C75B48 /* Build configuration list for PBXNativeTarget "MapAssignment" */;
			buildPhases = (
				027984B427EB6A4400C75B48 /* Sources */,
				027984B527EB6A4400C75B48 /* Frameworks */,
				027984B627EB6A4400C75B48 /* Resources */,
			);
			buildRules = (
			);
			dependencies = (
			);
			name = MapAssignment;
			productName = MapAssignment;
			productReference = 027984B827EB6A4400C75B48 /* MapAssignment.app */;
			productType = "com.apple.product-type.application";
		};
/* End PBXNativeTarget section */

/* Begin PBXProject section */
		027984B027EB6A4300C75B48 /* Project object */ = {
			isa = PBXProject;
			attributes = {
				BuildIndependentTargetsInParallel = 1;
				LastSwiftUpdateCheck = 1330;
				LastUpgradeCheck = 1330;
				TargetAttributes = {
					027984B727EB6A4400C75B48 = {
						CreatedOnToolsVersion = 13.3;
					};
				};
			};
			buildConfigurationList = 027984B327EB6A4300C75B48 /* Build configuration list for PBXProject "MapAssignment" */;
			compatibilityVersion = "Xcode 13.0";
			developmentRegion = en;
			hasScannedForEncodings = 0;
			knownRegions = (
				en,
				Base,
			);
			mainGroup = 027984AF27EB6A4300C75B48;
			productRefGroup = 027984B927EB6A4400C75B48 /* Products */;
			projectDirPath = "";
			projectRoot = "";
			targets = (
				027984B727EB6A4400C75B48 /* MapAssignment */,
			);
		};
/* End PBXProject section */

/* Begin PBXResourcesBuildPhase section */
		027984B627EB6A4400C75B48 /* Resources */ = {
			isa = PBXResourcesBuildPhase;
			buildActionMask = 2147483647;
			files = (
				027984C827EB6A4500C75B48 /* LaunchScreen.storyboard in Resources */,
				027984C527EB6A4500C75B48 /* Assets.xcassets in Resources */,
				027984C327EB6A4400C75B48 /* Main.storyboard in Resources */,
			);
			runOnlyForDeploymentPostprocessing = 0;
		};
/* End PBXResourcesBuildPhase section */

/* Begin PBXSourcesBuildPhase section */
		027984B427EB6A4400C75B48 /* Sources */ = {
			isa = PBXSourcesBuildPhase;
			buildActionMask = 2147483647;
			files = (
				027984DE27EB764A00C75B48 /* Extensions+UIImage.swift in Sources */,
				027984C027EB6A4400C75B48 /* ViewController.swift in Sources */,
				027984BC27EB6A4400C75B48 /* AppDelegate.swift in Sources */,
				027984BE27EB6A4400C75B48 /* SceneDelegate.swift in Sources */,
				027984D827EB729500C75B48 /* Extensions+URLSessionRequest.swift in Sources */,
				027984DC27EB74B700C75B48 /* UserTableViewCell.swift in Sources */,
				027984D027EB6C8100C75B48 /* MapViewController.swift in Sources */,
				027984E027EB812100C75B48 /* IconAnnotation.swift in Sources */,
				027984DA27EB72B500C75B48 /* Extensions+URLSession.swift in Sources */,
				027984D227EB6D4F00C75B48 /* ResultsModel.swift in Sources */,
			);
			runOnlyForDeploymentPostprocessing = 0;
		};
/* End PBXSourcesBuildPhase section */

/* Begin PBXVariantGroup section */
		027984C127EB6A4400C75B48 /* Main.storyboard */ = {
			isa = PBXVariantGroup;
			children = (
				027984C227EB6A4400C75B48 /* Base */,
			);
			name = Main.storyboard;
			sourceTree = "<group>";
		};
		027984C627EB6A4500C75B48 /* LaunchScreen.storyboard */ = {
			isa = PBXVariantGroup;
			children = (
				027984C727EB6A4500C75B48 /* Base */,
			);
			name = LaunchScreen.storyboard;
			sourceTree = "<group>";
		};
/* End PBXVariantGroup section */

/* Begin XCBuildConfiguration section */
		027984CA27EB6A4500C75B48 /* Debug */ = {
			isa = XCBuildConfiguration;
			buildSettings = {
				ALWAYS_SEARCH_USER_PATHS = NO;
				CLANG_ANALYZER_NONNULL = YES;
				CLANG_ANALYZER_NUMBER_OBJECT_CONVERSION = YES_AGGRESSIVE;
				CLANG_CXX_LANGUAGE_STANDARD = "gnu++17";
				CLANG_ENABLE_MODULES = YES;
				CLANG_ENABLE_OBJC_ARC = YES;
				CLANG_ENABLE_OBJC_WEAK = YES;
				CLANG_WARN_BLOCK_CAPTURE_AUTORELEASING = YES;
				CLANG_WARN_BOOL_CONVERSION = YES;
				CLANG_WARN_COMMA = YES;
				CLANG_WARN_CONSTANT_CONVERSION = YES;
				CLANG_WARN_DEPRECATED_OBJC_IMPLEMENTATIONS = YES;
				CLANG_WARN_DIRECT_OBJC_ISA_USAGE = YES_ERROR;
				CLANG_WARN_DOCUMENTATION_COMMENTS = YES;
				CLANG_WARN_EMPTY_BODY = YES;
				CLANG_WARN_ENUM_CONVERSION = YES;
				CLANG_WARN_INFINITE_RECURSION = YES;
				CLANG_WARN_INT_CONVERSION = YES;
				CLANG_WARN_NON_LITERAL_NULL_CONVERSION = YES;
				CLANG_WARN_OBJC_IMPLICIT_RETAIN_SELF = YES;
				CLANG_WARN_OBJC_LITERAL_CONVERSION = YES;
				CLANG_WARN_OBJC_ROOT_CLASS = YES_ERROR;
				CLANG_WARN_QUOTED_INCLUDE_IN_FRAMEWORK_HEADER = YES;
				CLANG_WARN_RANGE_LOOP_ANALYSIS = YES;
				CLANG_WARN_STRICT_PROTOTYPES = YES;
				CLANG_WARN_SUSPICIOUS_MOVE = YES;
				CLANG_WARN_UNGUARDED_AVAILABILITY = YES_AGGRESSIVE;
				CLANG_WARN_UNREACHABLE_CODE = YES;
				CLANG_WARN__DUPLICATE_METHOD_MATCH = YES;
				COPY_PHASE_STRIP = NO;
				DEBUG_INFORMATION_FORMAT = dwarf;
				ENABLE_STRICT_OBJC_MSGSEND = YES;
				ENABLE_TESTABILITY = YES;
				GCC_C_LANGUAGE_STANDARD = gnu11;
				GCC_DYNAMIC_NO_PIC = NO;
				GCC_NO_COMMON_BLOCKS = YES;
				GCC_OPTIMIZATION_LEVEL = 0;
				GCC_PREPROCESSOR_DEFINITIONS = (
					"DEBUG=1",
					"$(inherited)",
				);
				GCC_WARN_64_TO_32_BIT_CONVERSION = YES;
				GCC_WARN_ABOUT_RETURN_TYPE = YES_ERROR;
				GCC_WARN_UNDECLARED_SELECTOR = YES;
				GCC_WARN_UNINITIALIZED_AUTOS = YES_AGGRESSIVE;
				GCC_WARN_UNUSED_FUNCTION = YES;
				GCC_WARN_UNUSED_VARIABLE = YES;
				IPHONEOS_DEPLOYMENT_TARGET = 15.4;
				MTL_ENABLE_DEBUG_INFO = INCLUDE_SOURCE;
				MTL_FAST_MATH = YES;
				ONLY_ACTIVE_ARCH = YES;
				SDKROOT = iphoneos;
				SWIFT_ACTIVE_COMPILATION_CONDITIONS = DEBUG;
				SWIFT_OPTIMIZATION_LEVEL = "-Onone";
			};
			name = Debug;
		};
		027984CB27EB6A4500C75B48 /* Release */ = {
			isa = XCBuildConfiguration;
			buildSettings = {
				ALWAYS_SEARCH_USER_PATHS = NO;
				CLANG_ANALYZER_NONNULL = YES;
				CLANG_ANALYZER_NUMBER_OBJECT_CONVERSION = YES_AGGRESSIVE;
				CLANG_CXX_LANGUAGE_STANDARD = "gnu++17";
				CLANG_ENABLE_MODULES = YES;
				CLANG_ENABLE_OBJC_ARC = YES;
				CLANG_ENABLE_OBJC_WEAK = YES;
				CLANG_WARN_BLOCK_CAPTURE_AUTORELEASING = YES;
				CLANG_WARN_BOOL_CONVERSION = YES;
				CLANG_WARN_COMMA = YES;
				CLANG_WARN_CONSTANT_CONVERSION = YES;
				CLANG_WARN_DEPRECATED_OBJC_IMPLEMENTATIONS = YES;
				CLANG_WARN_DIRECT_OBJC_ISA_USAGE = YES_ERROR;
				CLANG_WARN_DOCUMENTATION_COMMENTS = YES;
				CLANG_WARN_EMPTY_BODY = YES;
				CLANG_WARN_ENUM_CONVERSION = YES;
				CLANG_WARN_INFINITE_RECURSION = YES;
				CLANG_WARN_INT_CONVERSION = YES;
				CLANG_WARN_NON_LITERAL_NULL_CONVERSION = YES;
				CLANG_WARN_OBJC_IMPLICIT_RETAIN_SELF = YES;
				CLANG_WARN_OBJC_LITERAL_CONVERSION = YES;
				CLANG_WARN_OBJC_ROOT_CLASS = YES_ERROR;
				CLANG_WARN_QUOTED_INCLUDE_IN_FRAMEWORK_HEADER = YES;
				CLANG_WARN_RANGE_LOOP_ANALYSIS = YES;
				CLANG_WARN_STRICT_PROTOTYPES = YES;
				CLANG_WARN_SUSPICIOUS_MOVE = YES;
				CLANG_WARN_UNGUARDED_AVAILABILITY = YES_AGGRESSIVE;
				CLANG_WARN_UNREACHABLE_CODE = YES;
				CLANG_WARN__DUPLICATE_METHOD_MATCH = YES;
				COPY_PHASE_STRIP = NO;
				DEBUG_INFORMATION_FORMAT = "dwarf-with-dsym";
				ENABLE_NS_ASSERTIONS = NO;
				ENABLE_STRICT_OBJC_MSGSEND = YES;
				GCC_C_LANGUAGE_STANDARD = gnu11;
				GCC_NO_COMMON_BLOCKS = YES;
				GCC_WARN_64_TO_32_BIT_CONVERSION = YES;
				GCC_WARN_ABOUT_RETURN_TYPE = YES_ERROR;
				GCC_WARN_UNDECLARED_SELECTOR = YES;
				GCC_WARN_UNINITIALIZED_AUTOS = YES_AGGRESSIVE;
				GCC_WARN_UNUSED_FUNCTION = YES;
				GCC_WARN_UNUSED_VARIABLE = YES;
				IPHONEOS_DEPLOYMENT_TARGET = 15.4;
				MTL_ENABLE_DEBUG_INFO = NO;
				MTL_FAST_MATH = YES;
				SDKROOT = iphoneos;
				SWIFT_COMPILATION_MODE = wholemodule;
				SWIFT_OPTIMIZATION_LEVEL = "-O";
				VALIDATE_PRODUCT = YES;
			};
			name = Release;
		};
		027984CD27EB6A4500C75B48 /* Debug */ = {
			isa = XCBuildConfiguration;
			buildSettings = {
				ASSETCATALOG_COMPILER_APPICON_NAME = AppIcon;
				ASSETCATALOG_COMPILER_GLOBAL_ACCENT_COLOR_NAME = AccentColor;
				CODE_SIGN_STYLE = Automatic;
				CURRENT_PROJECT_VERSION = 1;
				GENERATE_INFOPLIST_FILE = YES;
				INFOPLIST_FILE = MapAssignment/Info.plist;
				INFOPLIST_KEY_UIApplicationSupportsIndirectInputEvents = YES;
				INFOPLIST_KEY_UILaunchStoryboardName = LaunchScreen;
				INFOPLIST_KEY_UIMainStoryboardFile = Main;
				INFOPLIST_KEY_UISupportedInterfaceOrientations_iPad = "UIInterfaceOrientationPortrait UIInterfaceOrientationPortraitUpsideDown UIInterfaceOrientationLandscapeLeft UIInterfaceOrientationLandscapeRight";
				INFOPLIST_KEY_UISupportedInterfaceOrientations_iPhone = "UIInterfaceOrientationPortrait UIInterfaceOrientationLandscapeLeft UIInterfaceOrientationLandscapeRight";
				LD_RUNPATH_SEARCH_PATHS = (
					"$(inherited)",
					"@executable_path/Frameworks",
				);
				MARKETING_VERSION = 1.0;
				PRODUCT_BUNDLE_IDENTIFIER = SwiftPractice.MapAssignment;
				PRODUCT_NAME = "$(TARGET_NAME)";
				SWIFT_EMIT_LOC_STRINGS = YES;
				SWIFT_VERSION = 5.0;
				TARGETED_DEVICE_FAMILY = "1,2";
			};
			name = Debug;
		};
		027984CE27EB6A4500C75B48 /* Release */ = {
			isa = XCBuildConfiguration;
			buildSettings = {
				ASSETCATALOG_COMPILER_APPICON_NAME = AppIcon;
				ASSETCATALOG_COMPILER_GLOBAL_ACCENT_COLOR_NAME = AccentColor;
				CODE_SIGN_STYLE = Automatic;
				CURRENT_PROJECT_VERSION = 1;
				GENERATE_INFOPLIST_FILE = YES;
				INFOPLIST_FILE = MapAssignment/Info.plist;
				INFOPLIST_KEY_UIApplicationSupportsIndirectInputEvents = YES;
				INFOPLIST_KEY_UILaunchStoryboardName = LaunchScreen;
				INFOPLIST_KEY_UIMainStoryboardFile = Main;
				INFOPLIST_KEY_UISupportedInterfaceOrientations_iPad = "UIInterfaceOrientationPortrait UIInterfaceOrientationPortraitUpsideDown UIInterfaceOrientationLandscapeLeft UIInterfaceOrientationLandscapeRight";
				INFOPLIST_KEY_UISupportedInterfaceOrientations_iPhone = "UIInterfaceOrientationPortrait UIInterfaceOrientationLandscapeLeft UIInterfaceOrientationLandscapeRight";
				LD_RUNPATH_SEARCH_PATHS = (
					"$(inherited)",
					"@executable_path/Frameworks",
				);
				MARKETING_VERSION = 1.0;
				PRODUCT_BUNDLE_IDENTIFIER = SwiftPractice.MapAssignment;
				PRODUCT_NAME = "$(TARGET_NAME)";
				SWIFT_EMIT_LOC_STRINGS = YES;
				SWIFT_VERSION = 5.0;
				TARGETED_DEVICE_FAMILY = "1,2";
			};
			name = Release;
		};
/* End XCBuildConfiguration section */

/* Begin XCConfigurationList section */
		027984B327EB6A4300C75B48 /* Build configuration list for PBXProject "MapAssignment" */ = {
			isa = XCConfigurationList;
			buildConfigurations = (
				027984CA27EB6A4500C75B48 /* Debug */,
				027984CB27EB6A4500C75B48 /* Release */,
			);
			defaultConfigurationIsVisible = 0;
			defaultConfigurationName = Release;
		};
		027984CC27EB6A4500C75B48 /* Build configuration list for PBXNativeTarget "MapAssignment" */ = {
			isa = XCConfigurationList;
			buildConfigurations = (
				027984CD27EB6A4500C75B48 /* Debug */,
				027984CE27EB6A4500C75B48 /* Release */,
			);
			defaultConfigurationIsVisible = 0;
			defaultConfigurationName = Release;
		};
/* End XCConfigurationList section */
	};
	rootObject = 027984B027EB6A4300C75B48 /* Project object */;
}
