// !$*UTF8*$!
{
	archiveVersion = 1;
	classes = {
	};
	objectVersion = 55;
	objects = {

/* Begin PBXBuildFile section */
		027984EE27EB9D6200C75B48 /* AppDelegate.swift in Sources */ = {isa = PBXBuildFile; fileRef = 027984ED27EB9D6200C75B48 /* AppDelegate.swift */; };
		027984F027EB9D6200C75B48 /* SceneDelegate.swift in Sources */ = {isa = PBXBuildFile; fileRef = 027984EF27EB9D6200C75B48 /* SceneDelegate.swift */; };
		027984F227EB9D6200C75B48 /* ViewController.swift in Sources */ = {isa = PBXBuildFile; fileRef = 027984F127EB9D6200C75B48 /* ViewController.swift */; };
		027984F527EB9D6200C75B48 /* Main.storyboard in Resources */ = {isa = PBXBuildFile; fileRef = 027984F327EB9D6200C75B48 /* Main.storyboard */; };
		027984F727EB9D6400C75B48 /* Assets.xcassets in Resources */ = {isa = PBXBuildFile; fileRef = 027984F627EB9D6400C75B48 /* Assets.xcassets */; };
		027984FA27EB9D6400C75B48 /* LaunchScreen.storyboard in Resources */ = {isa = PBXBuildFile; fileRef = 027984F827EB9D6400C75B48 /* LaunchScreen.storyboard */; };
		0279850227EBA04600C75B48 /* Starman.mp3 in Resources */ = {isa = PBXBuildFile; fileRef = 0279850127EBA04600C75B48 /* Starman.mp3 */; };
		E11DECD194634D7C2F48F171 /* Pods_AVSamp.framework in Frameworks */ = {isa = PBXBuildFile; fileRef = C1BA26966216FBF250411A72 /* Pods_AVSamp.framework */; };
/* End PBXBuildFile section */

/* Begin PBXFileReference section */
		027984EA27EB9D6200C75B48 /* AVSamp.app */ = {isa = PBXFileReference; explicitFileType = wrapper.application; includeInIndex = 0; path = AVSamp.app; sourceTree = BUILT_PRODUCTS_DIR; };
		027984ED27EB9D6200C75B48 /* AppDelegate.swift */ = {isa = PBXFileReference; lastKnownFileType = sourcecode.swift; path = AppDelegate.swift; sourceTree = "<group>"; };
		027984EF27EB9D6200C75B48 /* SceneDelegate.swift */ = {isa = PBXFileReference; lastKnownFileType = sourcecode.swift; path = SceneDelegate.swift; sourceTree = "<group>"; };
		027984F127EB9D6200C75B48 /* ViewController.swift */ = {isa = PBXFileReference; lastKnownFileType = sourcecode.swift; path = ViewController.swift; sourceTree = "<group>"; };
		027984F427EB9D6200C75B48 /* Base */ = {isa = PBXFileReference; lastKnownFileType = file.storyboard; name = Base; path = Base.lproj/Main.storyboard; sourceTree = "<group>"; };
		027984F627EB9D6400C75B48 /* Assets.xcassets */ = {isa = PBXFileReference; lastKnownFileType = folder.assetcatalog; path = Assets.xcassets; sourceTree = "<group>"; };
		027984F927EB9D6400C75B48 /* Base */ = {isa = PBXFileReference; lastKnownFileType = file.storyboard; name = Base; path = Base.lproj/LaunchScreen.storyboard; sourceTree = "<group>"; };
		027984FB27EB9D6400C75B48 /* Info.plist */ = {isa = PBXFileReference; lastKnownFileType = text.plist.xml; path = Info.plist; sourceTree = "<group>"; };
		0279850127EBA04600C75B48 /* Starman.mp3 */ = {isa = PBXFileReference; lastKnownFileType = audio.mp3; path = Starman.mp3; sourceTree = "<group>"; };
		16380E474A745285EF4A3899 /* Pods-AVSamp.debug.xcconfig */ = {isa = PBXFileReference; includeInIndex = 1; lastKnownFileType = text.xcconfig; name = "Pods-AVSamp.debug.xcconfig"; path = "Target Support Files/Pods-AVSamp/Pods-AVSamp.debug.xcconfig"; sourceTree = "<group>"; };
		54A63A77F98DA2CDE7162CF8 /* Pods-AVSamp.release.xcconfig */ = {isa = PBXFileReference; includeInIndex = 1; lastKnownFileType = text.xcconfig; name = "Pods-AVSamp.release.xcconfig"; path = "Target Support Files/Pods-AVSamp/Pods-AVSamp.release.xcconfig"; sourceTree = "<group>"; };
		C1BA26966216FBF250411A72 /* Pods_AVSamp.framework */ = {isa = PBXFileReference; explicitFileType = wrapper.framework; includeInIndex = 0; path = Pods_AVSamp.framework; sourceTree = BUILT_PRODUCTS_DIR; };
/* End PBXFileReference section */

/* Begin PBXFrameworksBuildPhase section */
		027984E727EB9D6200C75B48 /* Frameworks */ = {
			isa = PBXFrameworksBuildPhase;
			buildActionMask = 2147483647;
			files = (
				E11DECD194634D7C2F48F171 /* Pods_AVSamp.framework in Frameworks */,
			);
			runOnlyForDeploymentPostprocessing = 0;
		};
/* End PBXFrameworksBuildPhase section */

/* Begin PBXGroup section */
		027984E127EB9D6200C75B48 = {
			isa = PBXGroup;
			children = (
				027984EC27EB9D6200C75B48 /* AVSamp */,
				027984EB27EB9D6200C75B48 /* Products */,
				43DD481A5AC67AC884DE00BE /* Pods */,
				BA0004F8D7C18DF93F17F44F /* Frameworks */,
			);
			sourceTree = "<group>";
		};
		027984EB27EB9D6200C75B48 /* Products */ = {
			isa = PBXGroup;
			children = (
				027984EA27EB9D6200C75B48 /* AVSamp.app */,
			);
			name = Products;
			sourceTree = "<group>";
		};
		027984EC27EB9D6200C75B48 /* AVSamp */ = {
			isa = PBXGroup;
			children = (
				0279850127EBA04600C75B48 /* Starman.mp3 */,
				027984ED27EB9D6200C75B48 /* AppDelegate.swift */,
				027984EF27EB9D6200C75B48 /* SceneDelegate.swift */,
				027984F127EB9D6200C75B48 /* ViewController.swift */,
				027984F327EB9D6200C75B48 /* Main.storyboard */,
				027984F627EB9D6400C75B48 /* Assets.xcassets */,
				027984F827EB9D6400C75B48 /* LaunchScreen.storyboard */,
				027984FB27EB9D6400C75B48 /* Info.plist */,
			);
			path = AVSamp;
			sourceTree = "<group>";
		};
		43DD481A5AC67AC884DE00BE /* Pods */ = {
			isa = PBXGroup;
			children = (
				16380E474A745285EF4A3899 /* Pods-AVSamp.debug.xcconfig */,
				54A63A77F98DA2CDE7162CF8 /* Pods-AVSamp.release.xcconfig */,
			);
			name = Pods;
			path = Pods;
			sourceTree = "<group>";
		};
		BA0004F8D7C18DF93F17F44F /* Frameworks */ = {
			isa = PBXGroup;
			children = (
				C1BA26966216FBF250411A72 /* Pods_AVSamp.framework */,
			);
			name = Frameworks;
			sourceTree = "<group>";
		};
/* End PBXGroup section */

/* Begin PBXNativeTarget section */
		027984E927EB9D6200C75B48 /* AVSamp */ = {
			isa = PBXNativeTarget;
			buildConfigurationList = 027984FE27EB9D6400C75B48 /* Build configuration list for PBXNativeTarget "AVSamp" */;
			buildPhases = (
				6CA6D1611D9EFAB5182A51A7 /* [CP] Check Pods Manifest.lock */,
				027984E627EB9D6200C75B48 /* Sources */,
				027984E727EB9D6200C75B48 /* Frameworks */,
				027984E827EB9D6200C75B48 /* Resources */,
				32CEAD1EC55828E6467D253C /* [CP] Embed Pods Frameworks */,
			);
			buildRules = (
			);
			dependencies = (
			);
			name = AVSamp;
			productName = AVSamp;
			productReference = 027984EA27EB9D6200C75B48 /* AVSamp.app */;
			productType = "com.apple.product-type.application";
		};
/* End PBXNativeTarget section */

/* Begin PBXProject section */
		027984E227EB9D6200C75B48 /* Project object */ = {
			isa = PBXProject;
			attributes = {
				BuildIndependentTargetsInParallel = 1;
				LastSwiftUpdateCheck = 1330;
				LastUpgradeCheck = 1330;
				TargetAttributes = {
					027984E927EB9D6200C75B48 = {
						CreatedOnToolsVersion = 13.3;
					};
				};
			};
			buildConfigurationList = 027984E527EB9D6200C75B48 /* Build configuration list for PBXProject "AVSamp" */;
			compatibilityVersion = "Xcode 13.0";
			developmentRegion = en;
			hasScannedForEncodings = 0;
			knownRegions = (
				en,
				Base,
			);
			mainGroup = 027984E127EB9D6200C75B48;
			productRefGroup = 027984EB27EB9D6200C75B48 /* Products */;
			projectDirPath = "";
			projectRoot = "";
			targets = (
				027984E927EB9D6200C75B48 /* AVSamp */,
			);
		};
/* End PBXProject section */

/* Begin PBXResourcesBuildPhase section */
		027984E827EB9D6200C75B48 /* Resources */ = {
			isa = PBXResourcesBuildPhase;
			buildActionMask = 2147483647;
			files = (
				027984FA27EB9D6400C75B48 /* LaunchScreen.storyboard in Resources */,
				0279850227EBA04600C75B48 /* Starman.mp3 in Resources */,
				027984F727EB9D6400C75B48 /* Assets.xcassets in Resources */,
				027984F527EB9D6200C75B48 /* Main.storyboard in Resources */,
			);
			runOnlyForDeploymentPostprocessing = 0;
		};
/* End PBXResourcesBuildPhase section */

/* Begin PBXShellScriptBuildPhase section */
		32CEAD1EC55828E6467D253C /* [CP] Embed Pods Frameworks */ = {
			isa = PBXShellScriptBuildPhase;
			buildActionMask = 2147483647;
			files = (
			);
			inputFileListPaths = (
				"${PODS_ROOT}/Target Support Files/Pods-AVSamp/Pods-AVSamp-frameworks-${CONFIGURATION}-input-files.xcfilelist",
			);
			name = "[CP] Embed Pods Frameworks";
			outputFileListPaths = (
				"${PODS_ROOT}/Target Support Files/Pods-AVSamp/Pods-AVSamp-frameworks-${CONFIGURATION}-output-files.xcfilelist",
			);
			runOnlyForDeploymentPostprocessing = 0;
			shellPath = /bin/sh;
			shellScript = "\"${PODS_ROOT}/Target Support Files/Pods-AVSamp/Pods-AVSamp-frameworks.sh\"\n";
			showEnvVarsInLog = 0;
		};
		6CA6D1611D9EFAB5182A51A7 /* [CP] Check Pods Manifest.lock */ = {
			isa = PBXShellScriptBuildPhase;
			buildActionMask = 2147483647;
			files = (
			);
			inputFileListPaths = (
			);
			inputPaths = (
				"${PODS_PODFILE_DIR_PATH}/Podfile.lock",
				"${PODS_ROOT}/Manifest.lock",
			);
			name = "[CP] Check Pods Manifest.lock";
			outputFileListPaths = (
			);
			outputPaths = (
				"$(DERIVED_FILE_DIR)/Pods-AVSamp-checkManifestLockResult.txt",
			);
			runOnlyForDeploymentPostprocessing = 0;
			shellPath = /bin/sh;
			shellScript = "diff \"${PODS_PODFILE_DIR_PATH}/Podfile.lock\" \"${PODS_ROOT}/Manifest.lock\" > /dev/null\nif [ $? != 0 ] ; then\n    # print error to STDERR\n    echo \"error: The sandbox is not in sync with the Podfile.lock. Run 'pod install' or update your CocoaPods installation.\" >&2\n    exit 1\nfi\n# This output is used by Xcode 'outputs' to avoid re-running this script phase.\necho \"SUCCESS\" > \"${SCRIPT_OUTPUT_FILE_0}\"\n";
			showEnvVarsInLog = 0;
		};
/* End PBXShellScriptBuildPhase section */

/* Begin PBXSourcesBuildPhase section */
		027984E627EB9D6200C75B48 /* Sources */ = {
			isa = PBXSourcesBuildPhase;
			buildActionMask = 2147483647;
			files = (
				027984F227EB9D6200C75B48 /* ViewController.swift in Sources */,
				027984EE27EB9D6200C75B48 /* AppDelegate.swift in Sources */,
				027984F027EB9D6200C75B48 /* SceneDelegate.swift in Sources */,
			);
			runOnlyForDeploymentPostprocessing = 0;
		};
/* End PBXSourcesBuildPhase section */

/* Begin PBXVariantGroup section */
		027984F327EB9D6200C75B48 /* Main.storyboard */ = {
			isa = PBXVariantGroup;
			children = (
				027984F427EB9D6200C75B48 /* Base */,
			);
			name = Main.storyboard;
			sourceTree = "<group>";
		};
		027984F827EB9D6400C75B48 /* LaunchScreen.storyboard */ = {
			isa = PBXVariantGroup;
			children = (
				027984F927EB9D6400C75B48 /* Base */,
			);
			name = LaunchScreen.storyboard;
			sourceTree = "<group>";
		};
/* End PBXVariantGroup section */

/* Begin XCBuildConfiguration section */
		027984FC27EB9D6400C75B48 /* Debug */ = {
			isa = XCBuildConfiguration;
			buildSettings = {
				ALWAYS_SEARCH_USER_PATHS = NO;
				CLANG_ANALYZER_NONNULL = YES;
				CLANG_ANALYZER_NUMBER_OBJECT_CONVERSION = YES_AGGRESSIVE;
				CLANG_CXX_LANGUAGE_STANDARD = "gnu++17";
				CLANG_ENABLE_MODULES = YES;
				CLANG_ENABLE_OBJC_ARC = YES;
				CLANG_ENABLE_OBJC_WEAK = YES;
				CLANG_WARN_BLOCK_CAPTURE_AUTORELEASING = YES;
				CLANG_WARN_BOOL_CONVERSION = YES;
				CLANG_WARN_COMMA = YES;
				CLANG_WARN_CONSTANT_CONVERSION = YES;
				CLANG_WARN_DEPRECATED_OBJC_IMPLEMENTATIONS = YES;
				CLANG_WARN_DIRECT_OBJC_ISA_USAGE = YES_ERROR;
				CLANG_WARN_DOCUMENTATION_COMMENTS = YES;
				CLANG_WARN_EMPTY_BODY = YES;
				CLANG_WARN_ENUM_CONVERSION = YES;
				CLANG_WARN_INFINITE_RECURSION = YES;
				CLANG_WARN_INT_CONVERSION = YES;
				CLANG_WARN_NON_LITERAL_NULL_CONVERSION = YES;
				CLANG_WARN_OBJC_IMPLICIT_RETAIN_SELF = YES;
				CLANG_WARN_OBJC_LITERAL_CONVERSION = YES;
				CLANG_WARN_OBJC_ROOT_CLASS = YES_ERROR;
				CLANG_WARN_QUOTED_INCLUDE_IN_FRAMEWORK_HEADER = YES;
				CLANG_WARN_RANGE_LOOP_ANALYSIS = YES;
				CLANG_WARN_STRICT_PROTOTYPES = YES;
				CLANG_WARN_SUSPICIOUS_MOVE = YES;
				CLANG_WARN_UNGUARDED_AVAILABILITY = YES_AGGRESSIVE;
				CLANG_WARN_UNREACHABLE_CODE = YES;
				CLANG_WARN__DUPLICATE_METHOD_MATCH = YES;
				COPY_PHASE_STRIP = NO;
				DEBUG_INFORMATION_FORMAT = dwarf;
				ENABLE_STRICT_OBJC_MSGSEND = YES;
				ENABLE_TESTABILITY = YES;
				GCC_C_LANGUAGE_STANDARD = gnu11;
				GCC_DYNAMIC_NO_PIC = NO;
				GCC_NO_COMMON_BLOCKS = YES;
				GCC_OPTIMIZATION_LEVEL = 0;
				GCC_PREPROCESSOR_DEFINITIONS = (
					"DEBUG=1",
					"$(inherited)",
				);
				GCC_WARN_64_TO_32_BIT_CONVERSION = YES;
				GCC_WARN_ABOUT_RETURN_TYPE = YES_ERROR;
				GCC_WARN_UNDECLARED_SELECTOR = YES;
				GCC_WARN_UNINITIALIZED_AUTOS = YES_AGGRESSIVE;
				GCC_WARN_UNUSED_FUNCTION = YES;
				GCC_WARN_UNUSED_VARIABLE = YES;
				IPHONEOS_DEPLOYMENT_TARGET = 15.4;
				MTL_ENABLE_DEBUG_INFO = INCLUDE_SOURCE;
				MTL_FAST_MATH = YES;
				ONLY_ACTIVE_ARCH = YES;
				SDKROOT = iphoneos;
				SWIFT_ACTIVE_COMPILATION_CONDITIONS = DEBUG;
				SWIFT_OPTIMIZATION_LEVEL = "-Onone";
			};
			name = Debug;
		};
		027984FD27EB9D6400C75B48 /* Release */ = {
			isa = XCBuildConfiguration;
			buildSettings = {
				ALWAYS_SEARCH_USER_PATHS = NO;
				CLANG_ANALYZER_NONNULL = YES;
				CLANG_ANALYZER_NUMBER_OBJECT_CONVERSION = YES_AGGRESSIVE;
				CLANG_CXX_LANGUAGE_STANDARD = "gnu++17";
				CLANG_ENABLE_MODULES = YES;
				CLANG_ENABLE_OBJC_ARC = YES;
				CLANG_ENABLE_OBJC_WEAK = YES;
				CLANG_WARN_BLOCK_CAPTURE_AUTORELEASING = YES;
				CLANG_WARN_BOOL_CONVERSION = YES;
				CLANG_WARN_COMMA = YES;
				CLANG_WARN_CONSTANT_CONVERSION = YES;
				CLANG_WARN_DEPRECATED_OBJC_IMPLEMENTATIONS = YES;
				CLANG_WARN_DIRECT_OBJC_ISA_USAGE = YES_ERROR;
				CLANG_WARN_DOCUMENTATION_COMMENTS = YES;
				CLANG_WARN_EMPTY_BODY = YES;
				CLANG_WARN_ENUM_CONVERSION = YES;
				CLANG_WARN_INFINITE_RECURSION = YES;
				CLANG_WARN_INT_CONVERSION = YES;
				CLANG_WARN_NON_LITERAL_NULL_CONVERSION = YES;
				CLANG_WARN_OBJC_IMPLICIT_RETAIN_SELF = YES;
				CLANG_WARN_OBJC_LITERAL_CONVERSION = YES;
				CLANG_WARN_OBJC_ROOT_CLASS = YES_ERROR;
				CLANG_WARN_QUOTED_INCLUDE_IN_FRAMEWORK_HEADER = YES;
				CLANG_WARN_RANGE_LOOP_ANALYSIS = YES;
				CLANG_WARN_STRICT_PROTOTYPES = YES;
				CLANG_WARN_SUSPICIOUS_MOVE = YES;
				CLANG_WARN_UNGUARDED_AVAILABILITY = YES_AGGRESSIVE;
				CLANG_WARN_UNREACHABLE_CODE = YES;
				CLANG_WARN__DUPLICATE_METHOD_MATCH = YES;
				COPY_PHASE_STRIP = NO;
				DEBUG_INFORMATION_FORMAT = "dwarf-with-dsym";
				ENABLE_NS_ASSERTIONS = NO;
				ENABLE_STRICT_OBJC_MSGSEND = YES;
				GCC_C_LANGUAGE_STANDARD = gnu11;
				GCC_NO_COMMON_BLOCKS = YES;
				GCC_WARN_64_TO_32_BIT_CONVERSION = YES;
				GCC_WARN_ABOUT_RETURN_TYPE = YES_ERROR;
				GCC_WARN_UNDECLARED_SELECTOR = YES;
				GCC_WARN_UNINITIALIZED_AUTOS = YES_AGGRESSIVE;
				GCC_WARN_UNUSED_FUNCTION = YES;
				GCC_WARN_UNUSED_VARIABLE = YES;
				IPHONEOS_DEPLOYMENT_TARGET = 15.4;
				MTL_ENABLE_DEBUG_INFO = NO;
				MTL_FAST_MATH = YES;
				SDKROOT = iphoneos;
				SWIFT_COMPILATION_MODE = wholemodule;
				SWIFT_OPTIMIZATION_LEVEL = "-O";
				VALIDATE_PRODUCT = YES;
			};
			name = Release;
		};
		027984FF27EB9D6400C75B48 /* Debug */ = {
			isa = XCBuildConfiguration;
			baseConfigurationReference = 16380E474A745285EF4A3899 /* Pods-AVSamp.debug.xcconfig */;
			buildSettings = {
				ASSETCATALOG_COMPILER_APPICON_NAME = AppIcon;
				ASSETCATALOG_COMPILER_GLOBAL_ACCENT_COLOR_NAME = AccentColor;
				CODE_SIGN_STYLE = Automatic;
				CURRENT_PROJECT_VERSION = 1;
				GENERATE_INFOPLIST_FILE = YES;
				INFOPLIST_FILE = AVSamp/Info.plist;
				INFOPLIST_KEY_UIApplicationSupportsIndirectInputEvents = YES;
				INFOPLIST_KEY_UILaunchStoryboardName = LaunchScreen;
				INFOPLIST_KEY_UIMainStoryboardFile = Main;
				INFOPLIST_KEY_UISupportedInterfaceOrientations_iPad = "UIInterfaceOrientationPortrait UIInterfaceOrientationPortraitUpsideDown UIInterfaceOrientationLandscapeLeft UIInterfaceOrientationLandscapeRight";
				INFOPLIST_KEY_UISupportedInterfaceOrientations_iPhone = "UIInterfaceOrientationPortrait UIInterfaceOrientationLandscapeLeft UIInterfaceOrientationLandscapeRight";
				LD_RUNPATH_SEARCH_PATHS = (
					"$(inherited)",
					"@executable_path/Frameworks",
				);
				MARKETING_VERSION = 1.0;
				PRODUCT_BUNDLE_IDENTIFIER = SwiftPractice.AVSamp;
				PRODUCT_NAME = "$(TARGET_NAME)";
				SWIFT_EMIT_LOC_STRINGS = YES;
				SWIFT_VERSION = 5.0;
				TARGETED_DEVICE_FAMILY = "1,2";
			};
			name = Debug;
		};
		0279850027EB9D6400C75B48 /* Release */ = {
			isa = XCBuildConfiguration;
			baseConfigurationReference = 54A63A77F98DA2CDE7162CF8 /* Pods-AVSamp.release.xcconfig */;
			buildSettings = {
				ASSETCATALOG_COMPILER_APPICON_NAME = AppIcon;
				ASSETCATALOG_COMPILER_GLOBAL_ACCENT_COLOR_NAME = AccentColor;
				CODE_SIGN_STYLE = Automatic;
				CURRENT_PROJECT_VERSION = 1;
				GENERATE_INFOPLIST_FILE = YES;
				INFOPLIST_FILE = AVSamp/Info.plist;
				INFOPLIST_KEY_UIApplicationSupportsIndirectInputEvents = YES;
				INFOPLIST_KEY_UILaunchStoryboardName = LaunchScreen;
				INFOPLIST_KEY_UIMainStoryboardFile = Main;
				INFOPLIST_KEY_UISupportedInterfaceOrientations_iPad = "UIInterfaceOrientationPortrait UIInterfaceOrientationPortraitUpsideDown UIInterfaceOrientationLandscapeLeft UIInterfaceOrientationLandscapeRight";
				INFOPLIST_KEY_UISupportedInterfaceOrientations_iPhone = "UIInterfaceOrientationPortrait UIInterfaceOrientationLandscapeLeft UIInterfaceOrientationLandscapeRight";
				LD_RUNPATH_SEARCH_PATHS = (
					"$(inherited)",
					"@executable_path/Frameworks",
				);
				MARKETING_VERSION = 1.0;
				PRODUCT_BUNDLE_IDENTIFIER = SwiftPractice.AVSamp;
				PRODUCT_NAME = "$(TARGET_NAME)";
				SWIFT_EMIT_LOC_STRINGS = YES;
				SWIFT_VERSION = 5.0;
				TARGETED_DEVICE_FAMILY = "1,2";
			};
			name = Release;
		};
/* End XCBuildConfiguration section */

/* Begin XCConfigurationList section */
		027984E527EB9D6200C75B48 /* Build configuration list for PBXProject "AVSamp" */ = {
			isa = XCConfigurationList;
			buildConfigurations = (
				027984FC27EB9D6400C75B48 /* Debug */,
				027984FD27EB9D6400C75B48 /* Release */,
			);
			defaultConfigurationIsVisible = 0;
			defaultConfigurationName = Release;
		};
		027984FE27EB9D6400C75B48 /* Build configuration list for PBXNativeTarget "AVSamp" */ = {
			isa = XCConfigurationList;
			buildConfigurations = (
				027984FF27EB9D6400C75B48 /* Debug */,
				0279850027EB9D6400C75B48 /* Release */,
			);
			defaultConfigurationIsVisible = 0;
			defaultConfigurationName = Release;
		};
/* End XCConfigurationList section */
	};
	rootObject = 027984E227EB9D6200C75B48 /* Project object */;
}
