// !$*UTF8*$!
{
	archiveVersion = 1;
	classes = {
	};
	objectVersion = 55;
	objects = {

/* Begin PBXBuildFile section */
		0280F61B27CEAB3200F1D30E /* AppDelegate.swift in Sources */ = {isa = PBXBuildFile; fileRef = 0280F61A27CEAB3200F1D30E /* AppDelegate.swift */; };
		0280F61D27CEAB3200F1D30E /* SceneDelegate.swift in Sources */ = {isa = PBXBuildFile; fileRef = 0280F61C27CEAB3200F1D30E /* SceneDelegate.swift */; };
		0280F61F27CEAB3200F1D30E /* ViewController.swift in Sources */ = {isa = PBXBuildFile; fileRef = 0280F61E27CEAB3200F1D30E /* ViewController.swift */; };
		0280F62227CEAB3200F1D30E /* Main.storyboard in Resources */ = {isa = PBXBuildFile; fileRef = 0280F62027CEAB3200F1D30E /* Main.storyboard */; };
		0280F62427CEAB3300F1D30E /* Assets.xcassets in Resources */ = {isa = PBXBuildFile; fileRef = 0280F62327CEAB3300F1D30E /* Assets.xcassets */; };
		0280F62727CEAB3300F1D30E /* LaunchScreen.storyboard in Resources */ = {isa = PBXBuildFile; fileRef = 0280F62527CEAB3300F1D30E /* LaunchScreen.storyboard */; };
		0280F63227CEAB3400F1D30E /* BreweryAPITests.swift in Sources */ = {isa = PBXBuildFile; fileRef = 0280F63127CEAB3400F1D30E /* BreweryAPITests.swift */; };
		0280F63C27CEAB3400F1D30E /* BreweryAPIUITests.swift in Sources */ = {isa = PBXBuildFile; fileRef = 0280F63B27CEAB3400F1D30E /* BreweryAPIUITests.swift */; };
		0280F63E27CEAB3400F1D30E /* BreweryAPIUITestsLaunchTests.swift in Sources */ = {isa = PBXBuildFile; fileRef = 0280F63D27CEAB3400F1D30E /* BreweryAPIUITestsLaunchTests.swift */; };
		0280F64C27CEAC4B00F1D30E /* Brewery.swift in Sources */ = {isa = PBXBuildFile; fileRef = 0280F64B27CEAC4B00F1D30E /* Brewery.swift */; };
		0280F64E27CEBE7E00F1D30E /* DetailViewController.swift in Sources */ = {isa = PBXBuildFile; fileRef = 0280F64D27CEBE7E00F1D30E /* DetailViewController.swift */; };
/* End PBXBuildFile section */

/* Begin PBXContainerItemProxy section */
		0280F62E27CEAB3400F1D30E /* PBXContainerItemProxy */ = {
			isa = PBXContainerItemProxy;
			containerPortal = 0280F60F27CEAB3100F1D30E /* Project object */;
			proxyType = 1;
			remoteGlobalIDString = 0280F61627CEAB3100F1D30E;
			remoteInfo = BreweryAPI;
		};
		0280F63827CEAB3400F1D30E /* PBXContainerItemProxy */ = {
			isa = PBXContainerItemProxy;
			containerPortal = 0280F60F27CEAB3100F1D30E /* Project object */;
			proxyType = 1;
			remoteGlobalIDString = 0280F61627CEAB3100F1D30E;
			remoteInfo = BreweryAPI;
		};
/* End PBXContainerItemProxy section */

/* Begin PBXFileReference section */
		0280F61727CEAB3200F1D30E /* BreweryAPI.app */ = {isa = PBXFileReference; explicitFileType = wrapper.application; includeInIndex = 0; path = BreweryAPI.app; sourceTree = BUILT_PRODUCTS_DIR; };
		0280F61A27CEAB3200F1D30E /* AppDelegate.swift */ = {isa = PBXFileReference; lastKnownFileType = sourcecode.swift; path = AppDelegate.swift; sourceTree = "<group>"; };
		0280F61C27CEAB3200F1D30E /* SceneDelegate.swift */ = {isa = PBXFileReference; lastKnownFileType = sourcecode.swift; path = SceneDelegate.swift; sourceTree = "<group>"; };
		0280F61E27CEAB3200F1D30E /* ViewController.swift */ = {isa = PBXFileReference; lastKnownFileType = sourcecode.swift; path = ViewController.swift; sourceTree = "<group>"; };
		0280F62127CEAB3200F1D30E /* Base */ = {isa = PBXFileReference; lastKnownFileType = file.storyboard; name = Base; path = Base.lproj/Main.storyboard; sourceTree = "<group>"; };
		0280F62327CEAB3300F1D30E /* Assets.xcassets */ = {isa = PBXFileReference; lastKnownFileType = folder.assetcatalog; path = Assets.xcassets; sourceTree = "<group>"; };
		0280F62627CEAB3300F1D30E /* Base */ = {isa = PBXFileReference; lastKnownFileType = file.storyboard; name = Base; path = Base.lproj/LaunchScreen.storyboard; sourceTree = "<group>"; };
		0280F62827CEAB3300F1D30E /* Info.plist */ = {isa = PBXFileReference; lastKnownFileType = text.plist.xml; path = Info.plist; sourceTree = "<group>"; };
		0280F62D27CEAB3400F1D30E /* BreweryAPITests.xctest */ = {isa = PBXFileReference; explicitFileType = wrapper.cfbundle; includeInIndex = 0; path = BreweryAPITests.xctest; sourceTree = BUILT_PRODUCTS_DIR; };
		0280F63127CEAB3400F1D30E /* BreweryAPITests.swift */ = {isa = PBXFileReference; lastKnownFileType = sourcecode.swift; path = BreweryAPITests.swift; sourceTree = "<group>"; };
		0280F63727CEAB3400F1D30E /* BreweryAPIUITests.xctest */ = {isa = PBXFileReference; explicitFileType = wrapper.cfbundle; includeInIndex = 0; path = BreweryAPIUITests.xctest; sourceTree = BUILT_PRODUCTS_DIR; };
		0280F63B27CEAB3400F1D30E /* BreweryAPIUITests.swift */ = {isa = PBXFileReference; lastKnownFileType = sourcecode.swift; path = BreweryAPIUITests.swift; sourceTree = "<group>"; };
		0280F63D27CEAB3400F1D30E /* BreweryAPIUITestsLaunchTests.swift */ = {isa = PBXFileReference; lastKnownFileType = sourcecode.swift; path = BreweryAPIUITestsLaunchTests.swift; sourceTree = "<group>"; };
		0280F64B27CEAC4B00F1D30E /* Brewery.swift */ = {isa = PBXFileReference; lastKnownFileType = sourcecode.swift; path = Brewery.swift; sourceTree = "<group>"; };
		0280F64D27CEBE7E00F1D30E /* DetailViewController.swift */ = {isa = PBXFileReference; lastKnownFileType = sourcecode.swift; path = DetailViewController.swift; sourceTree = "<group>"; };
/* End PBXFileReference section */

/* Begin PBXFrameworksBuildPhase section */
		0280F61427CEAB3100F1D30E /* Frameworks */ = {
			isa = PBXFrameworksBuildPhase;
			buildActionMask = 2147483647;
			files = (
			);
			runOnlyForDeploymentPostprocessing = 0;
		};
		0280F62A27CEAB3400F1D30E /* Frameworks */ = {
			isa = PBXFrameworksBuildPhase;
			buildActionMask = 2147483647;
			files = (
			);
			runOnlyForDeploymentPostprocessing = 0;
		};
		0280F63427CEAB3400F1D30E /* Frameworks */ = {
			isa = PBXFrameworksBuildPhase;
			buildActionMask = 2147483647;
			files = (
			);
			runOnlyForDeploymentPostprocessing = 0;
		};
/* End PBXFrameworksBuildPhase section */

/* Begin PBXGroup section */
		0280F60E27CEAB3100F1D30E = {
			isa = PBXGroup;
			children = (
				0280F61927CEAB3200F1D30E /* BreweryAPI */,
				0280F63027CEAB3400F1D30E /* BreweryAPITests */,
				0280F63A27CEAB3400F1D30E /* BreweryAPIUITests */,
				0280F61827CEAB3200F1D30E /* Products */,
			);
			sourceTree = "<group>";
		};
		0280F61827CEAB3200F1D30E /* Products */ = {
			isa = PBXGroup;
			children = (
				0280F61727CEAB3200F1D30E /* BreweryAPI.app */,
				0280F62D27CEAB3400F1D30E /* BreweryAPITests.xctest */,
				0280F63727CEAB3400F1D30E /* BreweryAPIUITests.xctest */,
			);
			name = Products;
			sourceTree = "<group>";
		};
		0280F61927CEAB3200F1D30E /* BreweryAPI */ = {
			isa = PBXGroup;
			children = (
				0280F64A27CEAC3600F1D30E /* Model */,
				0280F61A27CEAB3200F1D30E /* AppDelegate.swift */,
				0280F61C27CEAB3200F1D30E /* SceneDelegate.swift */,
				0280F64D27CEBE7E00F1D30E /* DetailViewController.swift */,
				0280F61E27CEAB3200F1D30E /* ViewController.swift */,
				0280F62027CEAB3200F1D30E /* Main.storyboard */,
				0280F62327CEAB3300F1D30E /* Assets.xcassets */,
				0280F62527CEAB3300F1D30E /* LaunchScreen.storyboard */,
				0280F62827CEAB3300F1D30E /* Info.plist */,
			);
			path = BreweryAPI;
			sourceTree = "<group>";
		};
		0280F63027CEAB3400F1D30E /* BreweryAPITests */ = {
			isa = PBXGroup;
			children = (
				0280F63127CEAB3400F1D30E /* BreweryAPITests.swift */,
			);
			path = BreweryAPITests;
			sourceTree = "<group>";
		};
		0280F63A27CEAB3400F1D30E /* BreweryAPIUITests */ = {
			isa = PBXGroup;
			children = (
				0280F63B27CEAB3400F1D30E /* BreweryAPIUITests.swift */,
				0280F63D27CEAB3400F1D30E /* BreweryAPIUITestsLaunchTests.swift */,
			);
			path = BreweryAPIUITests;
			sourceTree = "<group>";
		};
		0280F64A27CEAC3600F1D30E /* Model */ = {
			isa = PBXGroup;
			children = (
				0280F64B27CEAC4B00F1D30E /* Brewery.swift */,
			);
			path = Model;
			sourceTree = "<group>";
		};
/* End PBXGroup section */

/* Begin PBXNativeTarget section */
		0280F61627CEAB3100F1D30E /* BreweryAPI */ = {
			isa = PBXNativeTarget;
			buildConfigurationList = 0280F64127CEAB3400F1D30E /* Build configuration list for PBXNativeTarget "BreweryAPI" */;
			buildPhases = (
				0280F61327CEAB3100F1D30E /* Sources */,
				0280F61427CEAB3100F1D30E /* Frameworks */,
				0280F61527CEAB3100F1D30E /* Resources */,
			);
			buildRules = (
			);
			dependencies = (
			);
			name = BreweryAPI;
			productName = BreweryAPI;
			productReference = 0280F61727CEAB3200F1D30E /* BreweryAPI.app */;
			productType = "com.apple.product-type.application";
		};
		0280F62C27CEAB3400F1D30E /* BreweryAPITests */ = {
			isa = PBXNativeTarget;
			buildConfigurationList = 0280F64427CEAB3400F1D30E /* Build configuration list for PBXNativeTarget "BreweryAPITests" */;
			buildPhases = (
				0280F62927CEAB3400F1D30E /* Sources */,
				0280F62A27CEAB3400F1D30E /* Frameworks */,
				0280F62B27CEAB3400F1D30E /* Resources */,
			);
			buildRules = (
			);
			dependencies = (
				0280F62F27CEAB3400F1D30E /* PBXTargetDependency */,
			);
			name = BreweryAPITests;
			productName = BreweryAPITests;
			productReference = 0280F62D27CEAB3400F1D30E /* BreweryAPITests.xctest */;
			productType = "com.apple.product-type.bundle.unit-test";
		};
		0280F63627CEAB3400F1D30E /* BreweryAPIUITests */ = {
			isa = PBXNativeTarget;
			buildConfigurationList = 0280F64727CEAB3400F1D30E /* Build configuration list for PBXNativeTarget "BreweryAPIUITests" */;
			buildPhases = (
				0280F63327CEAB3400F1D30E /* Sources */,
				0280F63427CEAB3400F1D30E /* Frameworks */,
				0280F63527CEAB3400F1D30E /* Resources */,
			);
			buildRules = (
			);
			dependencies = (
				0280F63927CEAB3400F1D30E /* PBXTargetDependency */,
			);
			name = BreweryAPIUITests;
			productName = BreweryAPIUITests;
			productReference = 0280F63727CEAB3400F1D30E /* BreweryAPIUITests.xctest */;
			productType = "com.apple.product-type.bundle.ui-testing";
		};
/* End PBXNativeTarget section */

/* Begin PBXProject section */
		0280F60F27CEAB3100F1D30E /* Project object */ = {
			isa = PBXProject;
			attributes = {
				BuildIndependentTargetsInParallel = 1;
				LastSwiftUpdateCheck = 1320;
				LastUpgradeCheck = 1320;
				TargetAttributes = {
					0280F61627CEAB3100F1D30E = {
						CreatedOnToolsVersion = 13.2.1;
					};
					0280F62C27CEAB3400F1D30E = {
						CreatedOnToolsVersion = 13.2.1;
						TestTargetID = 0280F61627CEAB3100F1D30E;
					};
					0280F63627CEAB3400F1D30E = {
						CreatedOnToolsVersion = 13.2.1;
						TestTargetID = 0280F61627CEAB3100F1D30E;
					};
				};
			};
			buildConfigurationList = 0280F61227CEAB3100F1D30E /* Build configuration list for PBXProject "BreweryAPI" */;
			compatibilityVersion = "Xcode 13.0";
			developmentRegion = en;
			hasScannedForEncodings = 0;
			knownRegions = (
				en,
				Base,
			);
			mainGroup = 0280F60E27CEAB3100F1D30E;
			productRefGroup = 0280F61827CEAB3200F1D30E /* Products */;
			projectDirPath = "";
			projectRoot = "";
			targets = (
				0280F61627CEAB3100F1D30E /* BreweryAPI */,
				0280F62C27CEAB3400F1D30E /* BreweryAPITests */,
				0280F63627CEAB3400F1D30E /* BreweryAPIUITests */,
			);
		};
/* End PBXProject section */

/* Begin PBXResourcesBuildPhase section */
		0280F61527CEAB3100F1D30E /* Resources */ = {
			isa = PBXResourcesBuildPhase;
			buildActionMask = 2147483647;
			files = (
				0280F62727CEAB3300F1D30E /* LaunchScreen.storyboard in Resources */,
				0280F62427CEAB3300F1D30E /* Assets.xcassets in Resources */,
				0280F62227CEAB3200F1D30E /* Main.storyboard in Resources */,
			);
			runOnlyForDeploymentPostprocessing = 0;
		};
		0280F62B27CEAB3400F1D30E /* Resources */ = {
			isa = PBXResourcesBuildPhase;
			buildActionMask = 2147483647;
			files = (
			);
			runOnlyForDeploymentPostprocessing = 0;
		};
		0280F63527CEAB3400F1D30E /* Resources */ = {
			isa = PBXResourcesBuildPhase;
			buildActionMask = 2147483647;
			files = (
			);
			runOnlyForDeploymentPostprocessing = 0;
		};
/* End PBXResourcesBuildPhase section */

/* Begin PBXSourcesBuildPhase section */
		0280F61327CEAB3100F1D30E /* Sources */ = {
			isa = PBXSourcesBuildPhase;
			buildActionMask = 2147483647;
			files = (
				0280F64C27CEAC4B00F1D30E /* Brewery.swift in Sources */,
				0280F61F27CEAB3200F1D30E /* ViewController.swift in Sources */,
				0280F64E27CEBE7E00F1D30E /* DetailViewController.swift in Sources */,
				0280F61B27CEAB3200F1D30E /* AppDelegate.swift in Sources */,
				0280F61D27CEAB3200F1D30E /* SceneDelegate.swift in Sources */,
			);
			runOnlyForDeploymentPostprocessing = 0;
		};
		0280F62927CEAB3400F1D30E /* Sources */ = {
			isa = PBXSourcesBuildPhase;
			buildActionMask = 2147483647;
			files = (
				0280F63227CEAB3400F1D30E /* BreweryAPITests.swift in Sources */,
			);
			runOnlyForDeploymentPostprocessing = 0;
		};
		0280F63327CEAB3400F1D30E /* Sources */ = {
			isa = PBXSourcesBuildPhase;
			buildActionMask = 2147483647;
			files = (
				0280F63E27CEAB3400F1D30E /* BreweryAPIUITestsLaunchTests.swift in Sources */,
				0280F63C27CEAB3400F1D30E /* BreweryAPIUITests.swift in Sources */,
			);
			runOnlyForDeploymentPostprocessing = 0;
		};
/* End PBXSourcesBuildPhase section */

/* Begin PBXTargetDependency section */
		0280F62F27CEAB3400F1D30E /* PBXTargetDependency */ = {
			isa = PBXTargetDependency;
			target = 0280F61627CEAB3100F1D30E /* BreweryAPI */;
			targetProxy = 0280F62E27CEAB3400F1D30E /* PBXContainerItemProxy */;
		};
		0280F63927CEAB3400F1D30E /* PBXTargetDependency */ = {
			isa = PBXTargetDependency;
			target = 0280F61627CEAB3100F1D30E /* BreweryAPI */;
			targetProxy = 0280F63827CEAB3400F1D30E /* PBXContainerItemProxy */;
		};
/* End PBXTargetDependency section */

/* Begin PBXVariantGroup section */
		0280F62027CEAB3200F1D30E /* Main.storyboard */ = {
			isa = PBXVariantGroup;
			children = (
				0280F62127CEAB3200F1D30E /* Base */,
			);
			name = Main.storyboard;
			sourceTree = "<group>";
		};
		0280F62527CEAB3300F1D30E /* LaunchScreen.storyboard */ = {
			isa = PBXVariantGroup;
			children = (
				0280F62627CEAB3300F1D30E /* Base */,
			);
			name = LaunchScreen.storyboard;
			sourceTree = "<group>";
		};
/* End PBXVariantGroup section */

/* Begin XCBuildConfiguration section */
		0280F63F27CEAB3400F1D30E /* Debug */ = {
			isa = XCBuildConfiguration;
			buildSettings = {
				ALWAYS_SEARCH_USER_PATHS = NO;
				CLANG_ANALYZER_NONNULL = YES;
				CLANG_ANALYZER_NUMBER_OBJECT_CONVERSION = YES_AGGRESSIVE;
				CLANG_CXX_LANGUAGE_STANDARD = "gnu++17";
				CLANG_CXX_LIBRARY = "libc++";
				CLANG_ENABLE_MODULES = YES;
				CLANG_ENABLE_OBJC_ARC = YES;
				CLANG_ENABLE_OBJC_WEAK = YES;
				CLANG_WARN_BLOCK_CAPTURE_AUTORELEASING = YES;
				CLANG_WARN_BOOL_CONVERSION = YES;
				CLANG_WARN_COMMA = YES;
				CLANG_WARN_CONSTANT_CONVERSION = YES;
				CLANG_WARN_DEPRECATED_OBJC_IMPLEMENTATIONS = YES;
				CLANG_WARN_DIRECT_OBJC_ISA_USAGE = YES_ERROR;
				CLANG_WARN_DOCUMENTATION_COMMENTS = YES;
				CLANG_WARN_EMPTY_BODY = YES;
				CLANG_WARN_ENUM_CONVERSION = YES;
				CLANG_WARN_INFINITE_RECURSION = YES;
				CLANG_WARN_INT_CONVERSION = YES;
				CLANG_WARN_NON_LITERAL_NULL_CONVERSION = YES;
				CLANG_WARN_OBJC_IMPLICIT_RETAIN_SELF = YES;
				CLANG_WARN_OBJC_LITERAL_CONVERSION = YES;
				CLANG_WARN_OBJC_ROOT_CLASS = YES_ERROR;
				CLANG_WARN_QUOTED_INCLUDE_IN_FRAMEWORK_HEADER = YES;
				CLANG_WARN_RANGE_LOOP_ANALYSIS = YES;
				CLANG_WARN_STRICT_PROTOTYPES = YES;
				CLANG_WARN_SUSPICIOUS_MOVE = YES;
				CLANG_WARN_UNGUARDED_AVAILABILITY = YES_AGGRESSIVE;
				CLANG_WARN_UNREACHABLE_CODE = YES;
				CLANG_WARN__DUPLICATE_METHOD_MATCH = YES;
				COPY_PHASE_STRIP = NO;
				DEBUG_INFORMATION_FORMAT = dwarf;
				ENABLE_STRICT_OBJC_MSGSEND = YES;
				ENABLE_TESTABILITY = YES;
				GCC_C_LANGUAGE_STANDARD = gnu11;
				GCC_DYNAMIC_NO_PIC = NO;
				GCC_NO_COMMON_BLOCKS = YES;
				GCC_OPTIMIZATION_LEVEL = 0;
				GCC_PREPROCESSOR_DEFINITIONS = (
					"DEBUG=1",
					"$(inherited)",
				);
				GCC_WARN_64_TO_32_BIT_CONVERSION = YES;
				GCC_WARN_ABOUT_RETURN_TYPE = YES_ERROR;
				GCC_WARN_UNDECLARED_SELECTOR = YES;
				GCC_WARN_UNINITIALIZED_AUTOS = YES_AGGRESSIVE;
				GCC_WARN_UNUSED_FUNCTION = YES;
				GCC_WARN_UNUSED_VARIABLE = YES;
				IPHONEOS_DEPLOYMENT_TARGET = 15.2;
				MTL_ENABLE_DEBUG_INFO = INCLUDE_SOURCE;
				MTL_FAST_MATH = YES;
				ONLY_ACTIVE_ARCH = YES;
				SDKROOT = iphoneos;
				SWIFT_ACTIVE_COMPILATION_CONDITIONS = DEBUG;
				SWIFT_OPTIMIZATION_LEVEL = "-Onone";
			};
			name = Debug;
		};
		0280F64027CEAB3400F1D30E /* Release */ = {
			isa = XCBuildConfiguration;
			buildSettings = {
				ALWAYS_SEARCH_USER_PATHS = NO;
				CLANG_ANALYZER_NONNULL = YES;
				CLANG_ANALYZER_NUMBER_OBJECT_CONVERSION = YES_AGGRESSIVE;
				CLANG_CXX_LANGUAGE_STANDARD = "gnu++17";
				CLANG_CXX_LIBRARY = "libc++";
				CLANG_ENABLE_MODULES = YES;
				CLANG_ENABLE_OBJC_ARC = YES;
				CLANG_ENABLE_OBJC_WEAK = YES;
				CLANG_WARN_BLOCK_CAPTURE_AUTORELEASING = YES;
				CLANG_WARN_BOOL_CONVERSION = YES;
				CLANG_WARN_COMMA = YES;
				CLANG_WARN_CONSTANT_CONVERSION = YES;
				CLANG_WARN_DEPRECATED_OBJC_IMPLEMENTATIONS = YES;
				CLANG_WARN_DIRECT_OBJC_ISA_USAGE = YES_ERROR;
				CLANG_WARN_DOCUMENTATION_COMMENTS = YES;
				CLANG_WARN_EMPTY_BODY = YES;
				CLANG_WARN_ENUM_CONVERSION = YES;
				CLANG_WARN_INFINITE_RECURSION = YES;
				CLANG_WARN_INT_CONVERSION = YES;
				CLANG_WARN_NON_LITERAL_NULL_CONVERSION = YES;
				CLANG_WARN_OBJC_IMPLICIT_RETAIN_SELF = YES;
				CLANG_WARN_OBJC_LITERAL_CONVERSION = YES;
				CLANG_WARN_OBJC_ROOT_CLASS = YES_ERROR;
				CLANG_WARN_QUOTED_INCLUDE_IN_FRAMEWORK_HEADER = YES;
				CLANG_WARN_RANGE_LOOP_ANALYSIS = YES;
				CLANG_WARN_STRICT_PROTOTYPES = YES;
				CLANG_WARN_SUSPICIOUS_MOVE = YES;
				CLANG_WARN_UNGUARDED_AVAILABILITY = YES_AGGRESSIVE;
				CLANG_WARN_UNREACHABLE_CODE = YES;
				CLANG_WARN__DUPLICATE_METHOD_MATCH = YES;
				COPY_PHASE_STRIP = NO;
				DEBUG_INFORMATION_FORMAT = "dwarf-with-dsym";
				ENABLE_NS_ASSERTIONS = NO;
				ENABLE_STRICT_OBJC_MSGSEND = YES;
				GCC_C_LANGUAGE_STANDARD = gnu11;
				GCC_NO_COMMON_BLOCKS = YES;
				GCC_WARN_64_TO_32_BIT_CONVERSION = YES;
				GCC_WARN_ABOUT_RETURN_TYPE = YES_ERROR;
				GCC_WARN_UNDECLARED_SELECTOR = YES;
				GCC_WARN_UNINITIALIZED_AUTOS = YES_AGGRESSIVE;
				GCC_WARN_UNUSED_FUNCTION = YES;
				GCC_WARN_UNUSED_VARIABLE = YES;
				IPHONEOS_DEPLOYMENT_TARGET = 15.2;
				MTL_ENABLE_DEBUG_INFO = NO;
				MTL_FAST_MATH = YES;
				SDKROOT = iphoneos;
				SWIFT_COMPILATION_MODE = wholemodule;
				SWIFT_OPTIMIZATION_LEVEL = "-O";
				VALIDATE_PRODUCT = YES;
			};
			name = Release;
		};
		0280F64227CEAB3400F1D30E /* Debug */ = {
			isa = XCBuildConfiguration;
			buildSettings = {
				ASSETCATALOG_COMPILER_APPICON_NAME = AppIcon;
				ASSETCATALOG_COMPILER_GLOBAL_ACCENT_COLOR_NAME = AccentColor;
				CODE_SIGN_STYLE = Automatic;
				CURRENT_PROJECT_VERSION = 1;
				GENERATE_INFOPLIST_FILE = YES;
				INFOPLIST_FILE = BreweryAPI/Info.plist;
				INFOPLIST_KEY_UIApplicationSupportsIndirectInputEvents = YES;
				INFOPLIST_KEY_UILaunchStoryboardName = LaunchScreen;
				INFOPLIST_KEY_UIMainStoryboardFile = Main;
				INFOPLIST_KEY_UISupportedInterfaceOrientations_iPad = "UIInterfaceOrientationPortrait UIInterfaceOrientationPortraitUpsideDown UIInterfaceOrientationLandscapeLeft UIInterfaceOrientationLandscapeRight";
				INFOPLIST_KEY_UISupportedInterfaceOrientations_iPhone = "UIInterfaceOrientationPortrait UIInterfaceOrientationLandscapeLeft UIInterfaceOrientationLandscapeRight";
				LD_RUNPATH_SEARCH_PATHS = (
					"$(inherited)",
					"@executable_path/Frameworks",
				);
				MARKETING_VERSION = 1.0;
				PRODUCT_BUNDLE_IDENTIFIER = swiftpractice.BreweryAPI;
				PRODUCT_NAME = "$(TARGET_NAME)";
				SWIFT_EMIT_LOC_STRINGS = YES;
				SWIFT_VERSION = 5.0;
				TARGETED_DEVICE_FAMILY = "1,2";
			};
			name = Debug;
		};
		0280F64327CEAB3400F1D30E /* Release */ = {
			isa = XCBuildConfiguration;
			buildSettings = {
				ASSETCATALOG_COMPILER_APPICON_NAME = AppIcon;
				ASSETCATALOG_COMPILER_GLOBAL_ACCENT_COLOR_NAME = AccentColor;
				CODE_SIGN_STYLE = Automatic;
				CURRENT_PROJECT_VERSION = 1;
				GENERATE_INFOPLIST_FILE = YES;
				INFOPLIST_FILE = BreweryAPI/Info.plist;
				INFOPLIST_KEY_UIApplicationSupportsIndirectInputEvents = YES;
				INFOPLIST_KEY_UILaunchStoryboardName = LaunchScreen;
				INFOPLIST_KEY_UIMainStoryboardFile = Main;
				INFOPLIST_KEY_UISupportedInterfaceOrientations_iPad = "UIInterfaceOrientationPortrait UIInterfaceOrientationPortraitUpsideDown UIInterfaceOrientationLandscapeLeft UIInterfaceOrientationLandscapeRight";
				INFOPLIST_KEY_UISupportedInterfaceOrientations_iPhone = "UIInterfaceOrientationPortrait UIInterfaceOrientationLandscapeLeft UIInterfaceOrientationLandscapeRight";
				LD_RUNPATH_SEARCH_PATHS = (
					"$(inherited)",
					"@executable_path/Frameworks",
				);
				MARKETING_VERSION = 1.0;
				PRODUCT_BUNDLE_IDENTIFIER = swiftpractice.BreweryAPI;
				PRODUCT_NAME = "$(TARGET_NAME)";
				SWIFT_EMIT_LOC_STRINGS = YES;
				SWIFT_VERSION = 5.0;
				TARGETED_DEVICE_FAMILY = "1,2";
			};
			name = Release;
		};
		0280F64527CEAB3400F1D30E /* Debug */ = {
			isa = XCBuildConfiguration;
			buildSettings = {
				ALWAYS_EMBED_SWIFT_STANDARD_LIBRARIES = YES;
				BUNDLE_LOADER = "$(TEST_HOST)";
				CODE_SIGN_STYLE = Automatic;
				CURRENT_PROJECT_VERSION = 1;
				GENERATE_INFOPLIST_FILE = YES;
				IPHONEOS_DEPLOYMENT_TARGET = 15.2;
				MARKETING_VERSION = 1.0;
				PRODUCT_BUNDLE_IDENTIFIER = swiftpractice.BreweryAPITests;
				PRODUCT_NAME = "$(TARGET_NAME)";
				SWIFT_EMIT_LOC_STRINGS = NO;
				SWIFT_VERSION = 5.0;
				TARGETED_DEVICE_FAMILY = "1,2";
				TEST_HOST = "$(BUILT_PRODUCTS_DIR)/BreweryAPI.app/BreweryAPI";
			};
			name = Debug;
		};
		0280F64627CEAB3400F1D30E /* Release */ = {
			isa = XCBuildConfiguration;
			buildSettings = {
				ALWAYS_EMBED_SWIFT_STANDARD_LIBRARIES = YES;
				BUNDLE_LOADER = "$(TEST_HOST)";
				CODE_SIGN_STYLE = Automatic;
				CURRENT_PROJECT_VERSION = 1;
				GENERATE_INFOPLIST_FILE = YES;
				IPHONEOS_DEPLOYMENT_TARGET = 15.2;
				MARKETING_VERSION = 1.0;
				PRODUCT_BUNDLE_IDENTIFIER = swiftpractice.BreweryAPITests;
				PRODUCT_NAME = "$(TARGET_NAME)";
				SWIFT_EMIT_LOC_STRINGS = NO;
				SWIFT_VERSION = 5.0;
				TARGETED_DEVICE_FAMILY = "1,2";
				TEST_HOST = "$(BUILT_PRODUCTS_DIR)/BreweryAPI.app/BreweryAPI";
			};
			name = Release;
		};
		0280F64827CEAB3400F1D30E /* Debug */ = {
			isa = XCBuildConfiguration;
			buildSettings = {
				ALWAYS_EMBED_SWIFT_STANDARD_LIBRARIES = YES;
				CODE_SIGN_STYLE = Automatic;
				CURRENT_PROJECT_VERSION = 1;
				GENERATE_INFOPLIST_FILE = YES;
				MARKETING_VERSION = 1.0;
				PRODUCT_BUNDLE_IDENTIFIER = swiftpractice.BreweryAPIUITests;
				PRODUCT_NAME = "$(TARGET_NAME)";
				SWIFT_EMIT_LOC_STRINGS = NO;
				SWIFT_VERSION = 5.0;
				TARGETED_DEVICE_FAMILY = "1,2";
				TEST_TARGET_NAME = BreweryAPI;
			};
			name = Debug;
		};
		0280F64927CEAB3400F1D30E /* Release */ = {
			isa = XCBuildConfiguration;
			buildSettings = {
				ALWAYS_EMBED_SWIFT_STANDARD_LIBRARIES = YES;
				CODE_SIGN_STYLE = Automatic;
				CURRENT_PROJECT_VERSION = 1;
				GENERATE_INFOPLIST_FILE = YES;
				MARKETING_VERSION = 1.0;
				PRODUCT_BUNDLE_IDENTIFIER = swiftpractice.BreweryAPIUITests;
				PRODUCT_NAME = "$(TARGET_NAME)";
				SWIFT_EMIT_LOC_STRINGS = NO;
				SWIFT_VERSION = 5.0;
				TARGETED_DEVICE_FAMILY = "1,2";
				TEST_TARGET_NAME = BreweryAPI;
			};
			name = Release;
		};
/* End XCBuildConfiguration section */

/* Begin XCConfigurationList section */
		0280F61227CEAB3100F1D30E /* Build configuration list for PBXProject "BreweryAPI" */ = {
			isa = XCConfigurationList;
			buildConfigurations = (
				0280F63F27CEAB3400F1D30E /* Debug */,
				0280F64027CEAB3400F1D30E /* Release */,
			);
			defaultConfigurationIsVisible = 0;
			defaultConfigurationName = Release;
		};
		0280F64127CEAB3400F1D30E /* Build configuration list for PBXNativeTarget "BreweryAPI" */ = {
			isa = XCConfigurationList;
			buildConfigurations = (
				0280F64227CEAB3400F1D30E /* Debug */,
				0280F64327CEAB3400F1D30E /* Release */,
			);
			defaultConfigurationIsVisible = 0;
			defaultConfigurationName = Release;
		};
		0280F64427CEAB3400F1D30E /* Build configuration list for PBXNativeTarget "BreweryAPITests" */ = {
			isa = XCConfigurationList;
			buildConfigurations = (
				0280F64527CEAB3400F1D30E /* Debug */,
				0280F64627CEAB3400F1D30E /* Release */,
			);
			defaultConfigurationIsVisible = 0;
			defaultConfigurationName = Release;
		};
		0280F64727CEAB3400F1D30E /* Build configuration list for PBXNativeTarget "BreweryAPIUITests" */ = {
			isa = XCConfigurationList;
			buildConfigurations = (
				0280F64827CEAB3400F1D30E /* Debug */,
				0280F64927CEAB3400F1D30E /* Release */,
			);
			defaultConfigurationIsVisible = 0;
			defaultConfigurationName = Release;
		};
/* End XCConfigurationList section */
	};
	rootObject = 0280F60F27CEAB3100F1D30E /* Project object */;
}
